{
  "name": "ajs-1",
  "version": "1.0.0",
  "lockfileVersion": 2,
  "requires": true,
  "packages": {
    "": {
      "name": "ajs-1",
      "version": "1.0.0",
      "license": "ISC",
      "dependencies": {
        "@lizaveta04/ajs": "^1.0.0"
      }
    },
    "node_modules/@lizaveta04/ajs": {
      "version": "1.0.0",
      "resolved": "https://npm.pkg.github.com/download/@lizaveta04/ajs/1.0.0/bfefdc6dcd198e79748ea10b37c8c96885dd4cb2bf33b10122de26e950a61a2e",
      "integrity": "sha512-jzDXieGbkRyZ6k9dZXDt0cIQo2pg0OsCbPHdVK4BPEuSp3JUwtgS6N2+dxVvUPf9EwQ1GHeKwQevejCYQicUtQ==",
      "license": "ISC"
    }
  },
  "dependencies": {
    "@lizaveta04/ajs": {
      "version": "1.0.0",
      "resolved": "https://npm.pkg.github.com/download/@lizaveta04/ajs/1.0.0/bfefdc6dcd198e79748ea10b37c8c96885dd4cb2bf33b10122de26e950a61a2e",
      "integrity": "sha512-jzDXieGbkRyZ6k9dZXDt0cIQo2pg0OsCbPHdVK4BPEuSp3JUwtgS6N2+dxVvUPf9EwQ1GHeKwQevejCYQicUtQ=="
    }
  }
}
